
Microsoft Visual Studio Solution File, Format Version 12.00
# Visual Studio Version 17
VisualStudioVersion = 17.11.35312.102
MinimumVisualStudioVersion = 10.0.40219.1
Project("{FAE04EC0-301F-11D3-BF4B-00C04F79EFBC}") = "启保停", "启保停\启保停.csproj", "{B8A16BB3-E08D-4E65-AE9E-1F745191B46B}"
EndProject
Global
	GlobalSection(SolutionConfigurationPlatforms) = preSolution
		Debug|Any CPU = Debug|Any CPU
		Release|Any CPU = Release|Any CPU
	EndGlobalSection
	GlobalSection(ProjectConfigurationPlatforms) = postSolution
		{B8A16BB3-E08D-4E65-AE9E-1F745191B46B}.Debug|Any CPU.ActiveCfg = Debug|Any CPU
		{B8A16BB3-E08D-4E65-AE9E-1F745191B46B}.Debug|Any CPU.Build.0 = Debug|Any CPU
		{B8A16BB3-E08D-4E65-AE9E-1F745191B46B}.Release|Any CPU.ActiveCfg = Release|Any CPU
		{B8A16BB3-E08D-4E65-AE9E-1F745191B46B}.Release|Any CPU.Build.0 = Release|Any CPU
	EndGlobalSection
	GlobalSection(SolutionProperties) = preSolution
		HideSolutionNode = FALSE
	EndGlobalSection
	GlobalSection(ExtensibilityGlobals) = postSolution
		SolutionGuid = {694FB944-4CF2-4037-9A43-ADB75B36F253}
	EndGlobalSection
EndGlobal
